# This file was autogenerated by Stack.
# You should not edit this file by hand.
# For more information, please see the documentation at:
#   https://docs.haskellstack.org/en/stable/lock_files

packages:
- completed:
    hackage: warc-1.0.4@sha256:fc56a30a86b981d3d66b96568d1d7a29664c3720f711cb58ab03ef43cfe7a1c8,2418
    pantry-tree:
      size: 324
      sha256: d62d9e66998e71ab338be993efc2f18fc72ea3ad2dfc2b544fd8d2472d032417
  original:
    hackage: warc-1.0.4
- completed:
    hackage: pipes-zlib-0.4.4.2@sha256:f23fb0695f5613d04566c53c16fe14c6cd674bb607b5874b5fd8c49fe6b78ed8,1836
    pantry-tree:
      size: 470
      sha256: 0133c5eace1f5b3537e4e432bb42317d611adb46d1b8e3ef0818b82234ce9321
  original:
    hackage: pipes-zlib-0.4.4.2@sha256:f23fb0695f5613d04566c53c16fe14c6cd674bb607b5874b5fd8c49fe6b78ed8,1836
- completed:
    hackage: monoidal-containers-0.6.0.1@sha256:7d776942659eb4d70d8b8da5d734396374a6eda8b4622df9e61e26b24e9c8e40,2501
    pantry-tree:
      size: 569
      sha256: c354e916cb3aa9a0728a60f08440dc589a9e6d8275f047dbe9ab73f168247561
  original:
    hackage: monoidal-containers-0.6.0.1@sha256:7d776942659eb4d70d8b8da5d734396374a6eda8b4622df9e61e26b24e9c8e40,2501
- completed:
    subdir: amazonka
    name: amazonka
    version: 1.6.1
    git: https://github.com/brendanhay/amazonka
    pantry-tree:
      size: 1038
      sha256: 59c7840fe6c9609d1d5022149010e72db5778e4978b9384b6dee8a4a207c96b3
    commit: adf6afb09771d18ecb84bf1c7a2f00bce964c3c9
  original:
    subdir: amazonka
    git: https://github.com/brendanhay/amazonka
    commit: adf6afb09771d18ecb84bf1c7a2f00bce964c3c9
- completed:
    subdir: amazonka-s3
    name: amazonka-s3
    version: 1.6.1
    git: https://github.com/brendanhay/amazonka
    pantry-tree:
      size: 18431
      sha256: a19d02da301bbcad502e6092d7418a59543747c8bb6f12932bcbc4606f7814ab
    commit: adf6afb09771d18ecb84bf1c7a2f00bce964c3c9
  original:
    subdir: amazonka-s3
    git: https://github.com/brendanhay/amazonka
    commit: adf6afb09771d18ecb84bf1c7a2f00bce964c3c9
- completed:
    hackage: interpolatedstring-perl6-1.0.2@sha256:7ce49c8a69a2a1b89c001ed79db2aab656ffd0faf2a7a701a553b6deb5c8ba7f,1073
    pantry-tree:
      size: 300
      sha256: f7f0b06c58db814d1f12ed6f4f4cb67ff8c72e51da61c04db12c2aedb896542e
  original:
    hackage: interpolatedstring-perl6-1.0.2@sha256:7ce49c8a69a2a1b89c001ed79db2aab656ffd0faf2a7a701a553b6deb5c8ba7f,1073
- completed:
    hackage: tz-0.1.3.3@sha256:b9de0c1b10825460ff14a237209a8bf7747f47979601d35621276556bf63d2ca,5086
    pantry-tree:
      size: 1180
      sha256: ae6af45f3dba5a478ea9cc77c718f955fcc5c96f2dc0f4ede34c4a15a3e85ac1
  original:
    hackage: tz-0.1.3.3@sha256:b9de0c1b10825460ff14a237209a8bf7747f47979601d35621276556bf63d2ca,5086
- completed:
    hackage: deriving-aeson-0.2.2@sha256:6150cfdd6ae2083249ec387ec4bb808d99a6b730ce093b8920cd788e9e681c73,1210
    pantry-tree:
      size: 441
      sha256: 1178a4b2464f76e1b873215f37f6c72168b5d1100822c60aef01f497202ae9ca
  original:
    hackage: deriving-aeson-0.2.2@sha256:6150cfdd6ae2083249ec387ec4bb808d99a6b730ce093b8920cd788e9e681c73,1210
- completed:
    hackage: neat-interpolation-0.5.1@sha256:19af6ecc2802c6e94655f91e74aa19dc1e02a73ed7b1292c0fa3f082daaf7124,2989
    pantry-tree:
      size: 566
      sha256: c76046884e00551925c43abda1dc25585a9b90a353c7203a62852df285c0840c
  original:
    hackage: neat-interpolation-0.5.1
- completed:
    hackage: hailgun-0.5.1@sha256:a8a302776850e780b08467c986ea7e5e7fdf46a25abae735ffc8802dbd32e105,3770
    pantry-tree:
      size: 1188
      sha256: 25eb9f8dc32328cfbb89a2bbd2a4153c6eec9b46b1ed301d38f94f8374e59be5
  original:
    hackage: hailgun-0.5.1@sha256:a8a302776850e780b08467c986ea7e5e7fdf46a25abae735ffc8802dbd32e105,3770
- completed:
    name: elm-bridge
    version: 0.6.0
    git: https://github.com/agrafix/elm-bridge
    pantry-tree:
      size: 1248
      sha256: 3dd98477fa9831824b59a556b9cd0303777848c7c131ecb84e1c8282ffd492da
    commit: 0856922e8c2deabb1fecbfac9fe9eeee0c091913
  original:
    git: https://github.com/agrafix/elm-bridge
    commit: 0856922e8c2deabb1fecbfac9fe9eeee0c091913
- completed:
    hackage: servant-elm-0.7.2@sha256:27e45a456ad56ba59502549a59ce66f7229a17bbce72c413cbf8615ed074d754,4579
    pantry-tree:
      size: 2081
      sha256: 4b10f1da950fea1a0bcaf74a9e68dc0a1c0136e8c09a136b9c3f6c89e09ad21a
  original:
    hackage: servant-elm-0.7.2
snapshots:
- completed:
    size: 491372
    url: https://raw.githubusercontent.com/commercialhaskell/stackage-snapshots/master/lts/15/5.yaml
    sha256: 1b549cfff328040c382a70a84a2087aac8dab6d778bf92f32a93a771a1980dfc
  original: lts-15.5
